
Microsoft Visual Studio Solution File, Format Version 12.00
Project("{FAE04EC0-301F-11D3-BF4B-00C04F79EFBC}") = "Pacman", "Pacman\Pacman.csproj", "{FBC72227-C860-4C13-95DD-2DA2CB24DFB1}"
EndProject
Project("{FAE04EC0-301F-11D3-BF4B-00C04F79EFBC}") = "PacmanTest", "PacmanTest\PacmanTest.csproj", "{CFA608EA-72B4-454C-BC8A-1059559433B9}"
EndProject
Global
	GlobalSection(SolutionConfigurationPlatforms) = preSolution
		Debug|Any CPU = Debug|Any CPU
		Release|Any CPU = Release|Any CPU
	EndGlobalSection
	GlobalSection(ProjectConfigurationPlatforms) = postSolution
		{FBC72227-C860-4C13-95DD-2DA2CB24DFB1}.Debug|Any CPU.ActiveCfg = Debug|Any CPU
		{FBC72227-C860-4C13-95DD-2DA2CB24DFB1}.Debug|Any CPU.Build.0 = Debug|Any CPU
		{FBC72227-C860-4C13-95DD-2DA2CB24DFB1}.Release|Any CPU.ActiveCfg = Release|Any CPU
		{FBC72227-C860-4C13-95DD-2DA2CB24DFB1}.Release|Any CPU.Build.0 = Release|Any CPU
		{CFA608EA-72B4-454C-BC8A-1059559433B9}.Debug|Any CPU.ActiveCfg = Debug|Any CPU
		{CFA608EA-72B4-454C-BC8A-1059559433B9}.Debug|Any CPU.Build.0 = Debug|Any CPU
		{CFA608EA-72B4-454C-BC8A-1059559433B9}.Release|Any CPU.ActiveCfg = Release|Any CPU
		{CFA608EA-72B4-454C-BC8A-1059559433B9}.Release|Any CPU.Build.0 = Release|Any CPU
	EndGlobalSection
EndGlobal
